# This file is generated by running "yarn install" inside your project.
# Manual changes might be lost - proceed with caution!

__metadata:
  version: 8
  cacheKey: 10c0

"@rubber-tree-editions/agi-tools@npm:^1.0.0":
  version: 1.0.0
  resolution: "@rubber-tree-editions/agi-tools@npm:1.0.0::__archiveUrl=https%3A%2F%2Fnpm.pkg.github.com%2Fdownload%2F%40rubber-tree-editions%2Fagi-tools%2F1.0.0%2F65890e2407a8cf7232c2f01748d3c27ff845685c"
  dependencies:
    "@types/node": "npm:^16.9.6"
  checksum: 10c0/7cbf1edc32f990b47bd06a8aba09325f3c41996bec3dfbce970b05ab004b930a75e6c3ae6931bb184e682608986fc10360c1b9c36de3386b9c65f3590e177349
  languageName: node
  linkType: hard

"@rubber-tree-editions/kings-quest-1@workspace:.":
  version: 0.0.0-use.local
  resolution: "@rubber-tree-editions/kings-quest-1@workspace:."
  dependencies:
    "@rubber-tree-editions/agi-tools": "npm:^1.0.0"
    "@types/node": "npm:^16.11.11"
    typescript: "npm:^4.5.2"
  languageName: unknown
  linkType: soft

"@types/node@npm:^16.11.11":
  version: 16.11.11
  resolution: "@types/node@npm:16.11.11"
  checksum: 10c0/2762d21c752de2f6bdebd62b7bbea79af14125a0dd53f9a4ad14c5601db77d3b7fc733913b750d1411aed372b66da520b610d6f1a8858da8542d67c07bb648e0
  languageName: node
  linkType: hard

"@types/node@npm:^16.9.6":
  version: 16.11.12
  resolution: "@types/node@npm:16.11.12"
  checksum: 10c0/941afac5fc5816106521f9846be969ce7460b2ad8e72eb1d675666d6418eb3cc0254085b4d0a5e85b64a155eac8b83bba8689416a1faf94a9b40bbc219d3eb8c
  languageName: node
  linkType: hard

"typescript@npm:^4.5.2":
  version: 4.5.2
  resolution: "typescript@npm:4.5.2"
  bin:
    tsc: bin/tsc
    tsserver: bin/tsserver
  checksum: 10c0/8fc40b886018889ad2099cb1b477c4f0373528c9fca83860ad33e898fe19ada22568477aca91741fbeabf0402e203f0e2d6d14ed6973ad826893cc13b2dfd459
  languageName: node
  linkType: hard

"typescript@patch:typescript@npm%3A^4.5.2#optional!builtin<compat/typescript>":
  version: 4.5.2
  resolution: "typescript@patch:typescript@npm%3A4.5.2#optional!builtin<compat/typescript>::version=4.5.2&hash=bcec9a"
  bin:
    tsc: bin/tsc
    tsserver: bin/tsserver
  checksum: 10c0/90eaf5227b6a755da1a77665b24b958a8bc79b12b435c4254255ceada6ac6eb7905678b37c23c4f63a298b7ed6bee8fc87df78b98d0b0e7f0e30e873334121fd
  languageName: node
  linkType: hard
